
Microsoft Visual Studio Solution File, Format Version 12.00
Project("{FAE04EC0-301F-11D3-BF4B-00C04F79EFBC}") = "RemoveDuplicatesFromSortedArrayII", "RemoveDuplicatesFromSortedArrayII\RemoveDuplicatesFromSortedArrayII.csproj", "{0C5EA92F-2C29-4F9B-9ADE-EF1A76527373}"
EndProject
Project("{FAE04EC0-301F-11D3-BF4B-00C04F79EFBC}") = "MajorityElement", "MajorityElement\MajorityElement.csproj", "{0A4F2CC6-C9FA-44AF-82B9-B864A1B3DB54}"
EndProject
Project("{FAE04EC0-301F-11D3-BF4B-00C04F79EFBC}") = "BestTimeToBuyAndSellStock", "BestTimeToBuyAndSellStock\BestTimeToBuyAndSellStock.csproj", "{A107A01D-CC49-464C-A11C-4D81A2EE1B10}"
EndProject
Project("{FAE04EC0-301F-11D3-BF4B-00C04F79EFBC}") = "BestTimeToBuyAndSellStockII", "BestTimeToBuyAndSellStockII\BestTimeToBuyAndSellStockII.csproj", "{7CD73437-9918-43BA-9C6A-94D67683F009}"
EndProject
Project("{FAE04EC0-301F-11D3-BF4B-00C04F79EFBC}") = "JumpGame", "JumpGame\JumpGame.csproj", "{A98EE77A-1942-4756-8E1A-4BB038A63AB0}"
EndProject
Project("{FAE04EC0-301F-11D3-BF4B-00C04F79EFBC}") = "JumpGameII", "JumpGameII\JumpGameII.csproj", "{4ADA9DEE-00DA-43F5-B68E-8C981D441FAE}"
EndProject
Project("{FAE04EC0-301F-11D3-BF4B-00C04F79EFBC}") = "RomanToInteger", "RomanToInteger\RomanToInteger.csproj", "{8E25C344-1D28-4A4A-AE51-DE8E4B49A1A6}"
EndProject
Project("{FAE04EC0-301F-11D3-BF4B-00C04F79EFBC}") = "IntegerToRoman", "IntegerToRoman\IntegerToRoman.csproj", "{9E237493-0C65-480E-9FC0-E5508260F270}"
EndProject
Project("{FAE04EC0-301F-11D3-BF4B-00C04F79EFBC}") = "H-Index", "H-Index\H-Index.csproj", "{619ABFE2-5790-4511-A8E1-4B93C49196EF}"
EndProject
Project("{FAE04EC0-301F-11D3-BF4B-00C04F79EFBC}") = "LongestCommonPrefix", "LongestCommonPrefix\LongestCommonPrefix.csproj", "{60655D0F-27BF-4FF3-9EB1-DB20E1650200}"
EndProject
Project("{2150E333-8FDC-42A3-9474-1A3956D46DE8}") = "ArrayString", "ArrayString", "{E3541279-CE59-4718-AD27-9840729A0B3F}"
EndProject
Project("{2150E333-8FDC-42A3-9474-1A3956D46DE8}") = "TwoPointers", "TwoPointers", "{E3A5BA86-B51C-4B35-AFBB-B832CA6655D2}"
EndProject
Project("{FAE04EC0-301F-11D3-BF4B-00C04F79EFBC}") = "ValidPalindrome", "ValidPalindrome\ValidPalindrome.csproj", "{EDB1EB6D-49DF-4FD1-93D4-3284EE66F18F}"
EndProject
Project("{FAE04EC0-301F-11D3-BF4B-00C04F79EFBC}") = "IsSubsequence", "IsSubsequence\IsSubsequence.csproj", "{133F6577-83CD-4F01-9953-CD9A4F16E9AA}"
EndProject
Project("{FAE04EC0-301F-11D3-BF4B-00C04F79EFBC}") = "TwoSumII-InputArrayIsSorted", "TwoSumII-InputArrayIsSorted\TwoSumII-InputArrayIsSorted.csproj", "{3A77224A-0C98-4026-9B99-EAB4B80ABFDE}"
EndProject
Project("{FAE04EC0-301F-11D3-BF4B-00C04F79EFBC}") = "ContainerWithMostWater", "ContainerWithMostWater\ContainerWithMostWater.csproj", "{B1CF3F4D-8B88-4113-96A1-E7DBE4CA8BC7}"
EndProject
Project("{FAE04EC0-301F-11D3-BF4B-00C04F79EFBC}") = "FindTheIndexOfTheFirstOccurenceInString", "FindTheIndexOfTheFirstOccurenceInString\FindTheIndexOfTheFirstOccurenceInString.csproj", "{17FA51E7-9359-422C-96C0-451A9E275550}"
EndProject
Project("{2150E333-8FDC-42A3-9474-1A3956D46DE8}") = "SlidingWindow", "SlidingWindow", "{31D12E90-6605-492D-AB59-B69F129CF1D7}"
EndProject
Project("{FAE04EC0-301F-11D3-BF4B-00C04F79EFBC}") = "MinimumSizeSubarraySum", "MinimumSizeSubarraySum\MinimumSizeSubarraySum.csproj", "{4B663645-FBF5-46B2-BA39-E105EBA210AA}"
EndProject
Global
	GlobalSection(SolutionConfigurationPlatforms) = preSolution
		Debug|Any CPU = Debug|Any CPU
		Release|Any CPU = Release|Any CPU
	EndGlobalSection
	GlobalSection(ProjectConfigurationPlatforms) = postSolution
		{0C5EA92F-2C29-4F9B-9ADE-EF1A76527373}.Debug|Any CPU.ActiveCfg = Debug|Any CPU
		{0C5EA92F-2C29-4F9B-9ADE-EF1A76527373}.Debug|Any CPU.Build.0 = Debug|Any CPU
		{0C5EA92F-2C29-4F9B-9ADE-EF1A76527373}.Release|Any CPU.ActiveCfg = Release|Any CPU
		{0C5EA92F-2C29-4F9B-9ADE-EF1A76527373}.Release|Any CPU.Build.0 = Release|Any CPU
		{0A4F2CC6-C9FA-44AF-82B9-B864A1B3DB54}.Debug|Any CPU.ActiveCfg = Debug|Any CPU
		{0A4F2CC6-C9FA-44AF-82B9-B864A1B3DB54}.Debug|Any CPU.Build.0 = Debug|Any CPU
		{0A4F2CC6-C9FA-44AF-82B9-B864A1B3DB54}.Release|Any CPU.ActiveCfg = Release|Any CPU
		{0A4F2CC6-C9FA-44AF-82B9-B864A1B3DB54}.Release|Any CPU.Build.0 = Release|Any CPU
		{A107A01D-CC49-464C-A11C-4D81A2EE1B10}.Debug|Any CPU.ActiveCfg = Debug|Any CPU
		{A107A01D-CC49-464C-A11C-4D81A2EE1B10}.Debug|Any CPU.Build.0 = Debug|Any CPU
		{A107A01D-CC49-464C-A11C-4D81A2EE1B10}.Release|Any CPU.ActiveCfg = Release|Any CPU
		{A107A01D-CC49-464C-A11C-4D81A2EE1B10}.Release|Any CPU.Build.0 = Release|Any CPU
		{7CD73437-9918-43BA-9C6A-94D67683F009}.Debug|Any CPU.ActiveCfg = Debug|Any CPU
		{7CD73437-9918-43BA-9C6A-94D67683F009}.Debug|Any CPU.Build.0 = Debug|Any CPU
		{7CD73437-9918-43BA-9C6A-94D67683F009}.Release|Any CPU.ActiveCfg = Release|Any CPU
		{7CD73437-9918-43BA-9C6A-94D67683F009}.Release|Any CPU.Build.0 = Release|Any CPU
		{A98EE77A-1942-4756-8E1A-4BB038A63AB0}.Debug|Any CPU.ActiveCfg = Debug|Any CPU
		{A98EE77A-1942-4756-8E1A-4BB038A63AB0}.Debug|Any CPU.Build.0 = Debug|Any CPU
		{A98EE77A-1942-4756-8E1A-4BB038A63AB0}.Release|Any CPU.ActiveCfg = Release|Any CPU
		{A98EE77A-1942-4756-8E1A-4BB038A63AB0}.Release|Any CPU.Build.0 = Release|Any CPU
		{4ADA9DEE-00DA-43F5-B68E-8C981D441FAE}.Debug|Any CPU.ActiveCfg = Debug|Any CPU
		{4ADA9DEE-00DA-43F5-B68E-8C981D441FAE}.Debug|Any CPU.Build.0 = Debug|Any CPU
		{4ADA9DEE-00DA-43F5-B68E-8C981D441FAE}.Release|Any CPU.ActiveCfg = Release|Any CPU
		{4ADA9DEE-00DA-43F5-B68E-8C981D441FAE}.Release|Any CPU.Build.0 = Release|Any CPU
		{8E25C344-1D28-4A4A-AE51-DE8E4B49A1A6}.Debug|Any CPU.ActiveCfg = Debug|Any CPU
		{8E25C344-1D28-4A4A-AE51-DE8E4B49A1A6}.Debug|Any CPU.Build.0 = Debug|Any CPU
		{8E25C344-1D28-4A4A-AE51-DE8E4B49A1A6}.Release|Any CPU.ActiveCfg = Release|Any CPU
		{8E25C344-1D28-4A4A-AE51-DE8E4B49A1A6}.Release|Any CPU.Build.0 = Release|Any CPU
		{9E237493-0C65-480E-9FC0-E5508260F270}.Debug|Any CPU.ActiveCfg = Debug|Any CPU
		{9E237493-0C65-480E-9FC0-E5508260F270}.Debug|Any CPU.Build.0 = Debug|Any CPU
		{9E237493-0C65-480E-9FC0-E5508260F270}.Release|Any CPU.ActiveCfg = Release|Any CPU
		{9E237493-0C65-480E-9FC0-E5508260F270}.Release|Any CPU.Build.0 = Release|Any CPU
		{619ABFE2-5790-4511-A8E1-4B93C49196EF}.Debug|Any CPU.ActiveCfg = Debug|Any CPU
		{619ABFE2-5790-4511-A8E1-4B93C49196EF}.Debug|Any CPU.Build.0 = Debug|Any CPU
		{619ABFE2-5790-4511-A8E1-4B93C49196EF}.Release|Any CPU.ActiveCfg = Release|Any CPU
		{619ABFE2-5790-4511-A8E1-4B93C49196EF}.Release|Any CPU.Build.0 = Release|Any CPU
		{60655D0F-27BF-4FF3-9EB1-DB20E1650200}.Debug|Any CPU.ActiveCfg = Debug|Any CPU
		{60655D0F-27BF-4FF3-9EB1-DB20E1650200}.Debug|Any CPU.Build.0 = Debug|Any CPU
		{60655D0F-27BF-4FF3-9EB1-DB20E1650200}.Release|Any CPU.ActiveCfg = Release|Any CPU
		{60655D0F-27BF-4FF3-9EB1-DB20E1650200}.Release|Any CPU.Build.0 = Release|Any CPU
		{EDB1EB6D-49DF-4FD1-93D4-3284EE66F18F}.Debug|Any CPU.ActiveCfg = Debug|Any CPU
		{EDB1EB6D-49DF-4FD1-93D4-3284EE66F18F}.Debug|Any CPU.Build.0 = Debug|Any CPU
		{EDB1EB6D-49DF-4FD1-93D4-3284EE66F18F}.Release|Any CPU.ActiveCfg = Release|Any CPU
		{EDB1EB6D-49DF-4FD1-93D4-3284EE66F18F}.Release|Any CPU.Build.0 = Release|Any CPU
		{133F6577-83CD-4F01-9953-CD9A4F16E9AA}.Debug|Any CPU.ActiveCfg = Debug|Any CPU
		{133F6577-83CD-4F01-9953-CD9A4F16E9AA}.Debug|Any CPU.Build.0 = Debug|Any CPU
		{133F6577-83CD-4F01-9953-CD9A4F16E9AA}.Release|Any CPU.ActiveCfg = Release|Any CPU
		{133F6577-83CD-4F01-9953-CD9A4F16E9AA}.Release|Any CPU.Build.0 = Release|Any CPU
		{3A77224A-0C98-4026-9B99-EAB4B80ABFDE}.Debug|Any CPU.ActiveCfg = Debug|Any CPU
		{3A77224A-0C98-4026-9B99-EAB4B80ABFDE}.Debug|Any CPU.Build.0 = Debug|Any CPU
		{3A77224A-0C98-4026-9B99-EAB4B80ABFDE}.Release|Any CPU.ActiveCfg = Release|Any CPU
		{3A77224A-0C98-4026-9B99-EAB4B80ABFDE}.Release|Any CPU.Build.0 = Release|Any CPU
		{B1CF3F4D-8B88-4113-96A1-E7DBE4CA8BC7}.Debug|Any CPU.ActiveCfg = Debug|Any CPU
		{B1CF3F4D-8B88-4113-96A1-E7DBE4CA8BC7}.Debug|Any CPU.Build.0 = Debug|Any CPU
		{B1CF3F4D-8B88-4113-96A1-E7DBE4CA8BC7}.Release|Any CPU.ActiveCfg = Release|Any CPU
		{B1CF3F4D-8B88-4113-96A1-E7DBE4CA8BC7}.Release|Any CPU.Build.0 = Release|Any CPU
		{17FA51E7-9359-422C-96C0-451A9E275550}.Debug|Any CPU.ActiveCfg = Debug|Any CPU
		{17FA51E7-9359-422C-96C0-451A9E275550}.Debug|Any CPU.Build.0 = Debug|Any CPU
		{17FA51E7-9359-422C-96C0-451A9E275550}.Release|Any CPU.ActiveCfg = Release|Any CPU
		{17FA51E7-9359-422C-96C0-451A9E275550}.Release|Any CPU.Build.0 = Release|Any CPU
		{4B663645-FBF5-46B2-BA39-E105EBA210AA}.Debug|Any CPU.ActiveCfg = Debug|Any CPU
		{4B663645-FBF5-46B2-BA39-E105EBA210AA}.Debug|Any CPU.Build.0 = Debug|Any CPU
		{4B663645-FBF5-46B2-BA39-E105EBA210AA}.Release|Any CPU.ActiveCfg = Release|Any CPU
		{4B663645-FBF5-46B2-BA39-E105EBA210AA}.Release|Any CPU.Build.0 = Release|Any CPU
	EndGlobalSection
	GlobalSection(NestedProjects) = preSolution
		{A107A01D-CC49-464C-A11C-4D81A2EE1B10} = {E3541279-CE59-4718-AD27-9840729A0B3F}
		{7CD73437-9918-43BA-9C6A-94D67683F009} = {E3541279-CE59-4718-AD27-9840729A0B3F}
		{619ABFE2-5790-4511-A8E1-4B93C49196EF} = {E3541279-CE59-4718-AD27-9840729A0B3F}
		{9E237493-0C65-480E-9FC0-E5508260F270} = {E3541279-CE59-4718-AD27-9840729A0B3F}
		{A98EE77A-1942-4756-8E1A-4BB038A63AB0} = {E3541279-CE59-4718-AD27-9840729A0B3F}
		{4ADA9DEE-00DA-43F5-B68E-8C981D441FAE} = {E3541279-CE59-4718-AD27-9840729A0B3F}
		{60655D0F-27BF-4FF3-9EB1-DB20E1650200} = {E3541279-CE59-4718-AD27-9840729A0B3F}
		{0A4F2CC6-C9FA-44AF-82B9-B864A1B3DB54} = {E3541279-CE59-4718-AD27-9840729A0B3F}
		{0C5EA92F-2C29-4F9B-9ADE-EF1A76527373} = {E3541279-CE59-4718-AD27-9840729A0B3F}
		{8E25C344-1D28-4A4A-AE51-DE8E4B49A1A6} = {E3541279-CE59-4718-AD27-9840729A0B3F}
		{EDB1EB6D-49DF-4FD1-93D4-3284EE66F18F} = {E3A5BA86-B51C-4B35-AFBB-B832CA6655D2}
		{133F6577-83CD-4F01-9953-CD9A4F16E9AA} = {E3A5BA86-B51C-4B35-AFBB-B832CA6655D2}
		{3A77224A-0C98-4026-9B99-EAB4B80ABFDE} = {E3A5BA86-B51C-4B35-AFBB-B832CA6655D2}
		{B1CF3F4D-8B88-4113-96A1-E7DBE4CA8BC7} = {E3A5BA86-B51C-4B35-AFBB-B832CA6655D2}
		{17FA51E7-9359-422C-96C0-451A9E275550} = {E3541279-CE59-4718-AD27-9840729A0B3F}
		{4B663645-FBF5-46B2-BA39-E105EBA210AA} = {31D12E90-6605-492D-AB59-B69F129CF1D7}
	EndGlobalSection
EndGlobal
